// !$*UTF8*$!
{
	archiveVersion = 1;
	classes = {
	};
	objectVersion = 46;
	objects = {

/* Begin PBXBuildFile section */
		710752C718ED0FC2002802AA /* Foundation.framework in Frameworks */ = {isa = PBXBuildFile; fileRef = 710752C618ED0FC2002802AA /* Foundation.framework */; };
		710752C918ED0FC2002802AA /* CoreGraphics.framework in Frameworks */ = {isa = PBXBuildFile; fileRef = 710752C818ED0FC2002802AA /* CoreGraphics.framework */; };
		710752CB18ED0FC2002802AA /* UIKit.framework in Frameworks */ = {isa = PBXBuildFile; fileRef = 710752CA18ED0FC2002802AA /* UIKit.framework */; };
		710752D118ED0FC2002802AA /* InfoPlist.strings in Resources */ = {isa = PBXBuildFile; fileRef = 710752CF18ED0FC2002802AA /* InfoPlist.strings */; };
		710752D318ED0FC2002802AA /* main.m in Sources */ = {isa = PBXBuildFile; fileRef = 710752D218ED0FC2002802AA /* main.m */; };
		710752D718ED0FC2002802AA /* AppDelegate.m in Sources */ = {isa = PBXBuildFile; fileRef = 710752D618ED0FC2002802AA /* AppDelegate.m */; };
		710752DA18ED0FC2002802AA /* Main.storyboard in Resources */ = {isa = PBXBuildFile; fileRef = 710752D818ED0FC2002802AA /* Main.storyboard */; };
		710752DF18ED0FC2002802AA /* Images.xcassets in Resources */ = {isa = PBXBuildFile; fileRef = 710752DE18ED0FC2002802AA /* Images.xcassets */; };
		710752E618ED0FC2002802AA /* XCTest.framework in Frameworks */ = {isa = PBXBuildFile; fileRef = 710752E518ED0FC2002802AA /* XCTest.framework */; };
		710752E718ED0FC2002802AA /* Foundation.framework in Frameworks */ = {isa = PBXBuildFile; fileRef = 710752C618ED0FC2002802AA /* Foundation.framework */; };
		710752E818ED0FC2002802AA /* UIKit.framework in Frameworks */ = {isa = PBXBuildFile; fileRef = 710752CA18ED0FC2002802AA /* UIKit.framework */; };
		710752F018ED0FC2002802AA /* InfoPlist.strings in Resources */ = {isa = PBXBuildFile; fileRef = 710752EE18ED0FC2002802AA /* InfoPlist.strings */; };
		710752F218ED0FC2002802AA /* linkerTests.m in Sources */ = {isa = PBXBuildFile; fileRef = 710752F118ED0FC2002802AA /* linkerTests.m */; };
		7160D13A18F7A2DD008A8BB9 /* LocationCell.m in Sources */ = {isa = PBXBuildFile; fileRef = 7160D13918F7A2DD008A8BB9 /* LocationCell.m */; };
		7196CE3F1908EC19000F863A /* icon.png in Resources */ = {isa = PBXBuildFile; fileRef = 7196CE3D1908EC19000F863A /* icon.png */; };
		7196CE401908EC19000F863A /* icon@2x.png in Resources */ = {isa = PBXBuildFile; fileRef = 7196CE3E1908EC19000F863A /* icon@2x.png */; };
		7198529418F64CCC0099CE0C /* home_bg.png in Resources */ = {isa = PBXBuildFile; fileRef = 7198529218F64CCC0099CE0C /* home_bg.png */; };
		7198529518F64CCC0099CE0C /* home_bg@2x.png in Resources */ = {isa = PBXBuildFile; fileRef = 7198529318F64CCC0099CE0C /* home_bg@2x.png */; };
		7198529818F68A1D0099CE0C /* HomeViewController.m in Sources */ = {isa = PBXBuildFile; fileRef = 7198529718F68A1D0099CE0C /* HomeViewController.m */; };
		7198529B18F68BC90099CE0C /* HomeTableViewCell.m in Sources */ = {isa = PBXBuildFile; fileRef = 7198529A18F68BC90099CE0C /* HomeTableViewCell.m */; };
/* End PBXBuildFile section */

/* Begin PBXContainerItemProxy section */
		710752E918ED0FC2002802AA /* PBXContainerItemProxy */ = {
			isa = PBXContainerItemProxy;
			containerPortal = 710752BB18ED0FC2002802AA /* Project object */;
			proxyType = 1;
			remoteGlobalIDString = 710752C218ED0FC2002802AA;
			remoteInfo = linker;
		};
/* End PBXContainerItemProxy section */

/* Begin PBXFileReference section */
		710752C318ED0FC2002802AA /* linker.app */ = {isa = PBXFileReference; explicitFileType = wrapper.application; includeInIndex = 0; path = linker.app; sourceTree = BUILT_PRODUCTS_DIR; };
		710752C618ED0FC2002802AA /* Foundation.framework */ = {isa = PBXFileReference; lastKnownFileType = wrapper.framework; name = Foundation.framework; path = System/Library/Frameworks/Foundation.framework; sourceTree = SDKROOT; };
		710752C818ED0FC2002802AA /* CoreGraphics.framework */ = {isa = PBXFileReference; lastKnownFileType = wrapper.framework; name = CoreGraphics.framework; path = System/Library/Frameworks/CoreGraphics.framework; sourceTree = SDKROOT; };
		710752CA18ED0FC2002802AA /* UIKit.framework */ = {isa = PBXFileReference; lastKnownFileType = wrapper.framework; name = UIKit.framework; path = System/Library/Frameworks/UIKit.framework; sourceTree = SDKROOT; };
		710752CE18ED0FC2002802AA /* linker-Info.plist */ = {isa = PBXFileReference; lastKnownFileType = text.plist.xml; path = "linker-Info.plist"; sourceTree = "<group>"; };
		710752D018ED0FC2002802AA /* en */ = {isa = PBXFileReference; lastKnownFileType = text.plist.strings; name = en; path = en.lproj/InfoPlist.strings; sourceTree = "<group>"; };
		710752D218ED0FC2002802AA /* main.m */ = {isa = PBXFileReference; lastKnownFileType = sourcecode.c.objc; path = main.m; sourceTree = "<group>"; };
		710752D418ED0FC2002802AA /* linker-Prefix.pch */ = {isa = PBXFileReference; lastKnownFileType = sourcecode.c.h; path = "linker-Prefix.pch"; sourceTree = "<group>"; };
		710752D518ED0FC2002802AA /* AppDelegate.h */ = {isa = PBXFileReference; lastKnownFileType = sourcecode.c.h; path = AppDelegate.h; sourceTree = "<group>"; };
		710752D618ED0FC2002802AA /* AppDelegate.m */ = {isa = PBXFileReference; lastKnownFileType = sourcecode.c.objc; path = AppDelegate.m; sourceTree = "<group>"; };
		710752D918ED0FC2002802AA /* Base */ = {isa = PBXFileReference; lastKnownFileType = file.storyboard; name = Base; path = Base.lproj/Main.storyboard; sourceTree = "<group>"; };
		710752DE18ED0FC2002802AA /* Images.xcassets */ = {isa = PBXFileReference; lastKnownFileType = folder.assetcatalog; path = Images.xcassets; sourceTree = "<group>"; };
		710752E418ED0FC2002802AA /* linkerTests.xctest */ = {isa = PBXFileReference; explicitFileType = wrapper.cfbundle; includeInIndex = 0; path = linkerTests.xctest; sourceTree = BUILT_PRODUCTS_DIR; };
		710752E518ED0FC2002802AA /* XCTest.framework */ = {isa = PBXFileReference; lastKnownFileType = wrapper.framework; name = XCTest.framework; path = Library/Frameworks/XCTest.framework; sourceTree = DEVELOPER_DIR; };
		710752ED18ED0FC2002802AA /* linkerTests-Info.plist */ = {isa = PBXFileReference; lastKnownFileType = text.plist.xml; path = "linkerTests-Info.plist"; sourceTree = "<group>"; };
		710752EF18ED0FC2002802AA /* en */ = {isa = PBXFileReference; lastKnownFileType = text.plist.strings; name = en; path = en.lproj/InfoPlist.strings; sourceTree = "<group>"; };
		710752F118ED0FC2002802AA /* linkerTests.m */ = {isa = PBXFileReference; lastKnownFileType = sourcecode.c.objc; path = linkerTests.m; sourceTree = "<group>"; };
		7160D13818F7A2DD008A8BB9 /* LocationCell.h */ = {isa = PBXFileReference; fileEncoding = 4; lastKnownFileType = sourcecode.c.h; path = LocationCell.h; sourceTree = "<group>"; };
		7160D13918F7A2DD008A8BB9 /* LocationCell.m */ = {isa = PBXFileReference; fileEncoding = 4; lastKnownFileType = sourcecode.c.objc; path = LocationCell.m; sourceTree = "<group>"; };
		7196CE3D1908EC19000F863A /* icon.png */ = {isa = PBXFileReference; lastKnownFileType = image.png; path = icon.png; sourceTree = "<group>"; };
		7196CE3E1908EC19000F863A /* icon@2x.png */ = {isa = PBXFileReference; lastKnownFileType = image.png; path = "icon@2x.png"; sourceTree = "<group>"; };
		7198529218F64CCC0099CE0C /* home_bg.png */ = {isa = PBXFileReference; lastKnownFileType = image.png; path = home_bg.png; sourceTree = "<group>"; };
		7198529318F64CCC0099CE0C /* home_bg@2x.png */ = {isa = PBXFileReference; lastKnownFileType = image.png; path = "home_bg@2x.png"; sourceTree = "<group>"; };
		7198529618F68A1D0099CE0C /* HomeViewController.h */ = {isa = PBXFileReference; fileEncoding = 4; lastKnownFileType = sourcecode.c.h; path = HomeViewController.h; sourceTree = "<group>"; };
		7198529718F68A1D0099CE0C /* HomeViewController.m */ = {isa = PBXFileReference; fileEncoding = 4; lastKnownFileType = sourcecode.c.objc; path = HomeViewController.m; sourceTree = "<group>"; };
		7198529918F68BC90099CE0C /* HomeTableViewCell.h */ = {isa = PBXFileReference; fileEncoding = 4; lastKnownFileType = sourcecode.c.h; path = HomeTableViewCell.h; sourceTree = "<group>"; };
		7198529A18F68BC90099CE0C /* HomeTableViewCell.m */ = {isa = PBXFileReference; fileEncoding = 4; lastKnownFileType = sourcecode.c.objc; path = HomeTableViewCell.m; sourceTree = "<group>"; };
/* End PBXFileReference section */

/* Begin PBXFrameworksBuildPhase section */
		710752C018ED0FC2002802AA /* Frameworks */ = {
			isa = PBXFrameworksBuildPhase;
			buildActionMask = 2147483647;
			files = (
				710752C918ED0FC2002802AA /* CoreGraphics.framework in Frameworks */,
				710752CB18ED0FC2002802AA /* UIKit.framework in Frameworks */,
				710752C718ED0FC2002802AA /* Foundation.framework in Frameworks */,
			);
			runOnlyForDeploymentPostprocessing = 0;
		};
		710752E118ED0FC2002802AA /* Frameworks */ = {
			isa = PBXFrameworksBuildPhase;
			buildActionMask = 2147483647;
			files = (
				710752E618ED0FC2002802AA /* XCTest.framework in Frameworks */,
				710752E818ED0FC2002802AA /* UIKit.framework in Frameworks */,
				710752E718ED0FC2002802AA /* Foundation.framework in Frameworks */,
			);
			runOnlyForDeploymentPostprocessing = 0;
		};
/* End PBXFrameworksBuildPhase section */

/* Begin PBXGroup section */
		710752BA18ED0FC2002802AA = {
			isa = PBXGroup;
			children = (
				7198529118F64CBF0099CE0C /* images */,
				710D55D818F394B1009DD936 /* TableViewCell */,
				710752CC18ED0FC2002802AA /* linker */,
				710752EB18ED0FC2002802AA /* linkerTests */,
				710752C518ED0FC2002802AA /* Frameworks */,
				710752C418ED0FC2002802AA /* Products */,
			);
			sourceTree = "<group>";
		};
		710752C418ED0FC2002802AA /* Products */ = {
			isa = PBXGroup;
			children = (
				710752C318ED0FC2002802AA /* linker.app */,
				710752E418ED0FC2002802AA /* linkerTests.xctest */,
			);
			name = Products;
			sourceTree = "<group>";
		};
		710752C518ED0FC2002802AA /* Frameworks */ = {
			isa = PBXGroup;
			children = (
				710752C618ED0FC2002802AA /* Foundation.framework */,
				710752C818ED0FC2002802AA /* CoreGraphics.framework */,
				710752CA18ED0FC2002802AA /* UIKit.framework */,
				710752E518ED0FC2002802AA /* XCTest.framework */,
			);
			name = Frameworks;
			sourceTree = "<group>";
		};
		710752CC18ED0FC2002802AA /* linker */ = {
			isa = PBXGroup;
			children = (
				710752D518ED0FC2002802AA /* AppDelegate.h */,
				710752D618ED0FC2002802AA /* AppDelegate.m */,
				7198529618F68A1D0099CE0C /* HomeViewController.h */,
				7198529718F68A1D0099CE0C /* HomeViewController.m */,
				710752D818ED0FC2002802AA /* Main.storyboard */,
				710752DE18ED0FC2002802AA /* Images.xcassets */,
				710752CD18ED0FC2002802AA /* Supporting Files */,
			);
			path = linker;
			sourceTree = "<group>";
		};
		710752CD18ED0FC2002802AA /* Supporting Files */ = {
			isa = PBXGroup;
			children = (
				710752CE18ED0FC2002802AA /* linker-Info.plist */,
				710752CF18ED0FC2002802AA /* InfoPlist.strings */,
				710752D218ED0FC2002802AA /* main.m */,
				710752D418ED0FC2002802AA /* linker-Prefix.pch */,
			);
			name = "Supporting Files";
			sourceTree = "<group>";
		};
		710752EB18ED0FC2002802AA /* linkerTests */ = {
			isa = PBXGroup;
			children = (
				710752F118ED0FC2002802AA /* linkerTests.m */,
				710752EC18ED0FC2002802AA /* Supporting Files */,
			);
			path = linkerTests;
			sourceTree = "<group>";
		};
		710752EC18ED0FC2002802AA /* Supporting Files */ = {
			isa = PBXGroup;
			children = (
				710752ED18ED0FC2002802AA /* linkerTests-Info.plist */,
				710752EE18ED0FC2002802AA /* InfoPlist.strings */,
			);
			name = "Supporting Files";
			sourceTree = "<group>";
		};
		710D55D818F394B1009DD936 /* TableViewCell */ = {
			isa = PBXGroup;
			children = (
				7198529918F68BC90099CE0C /* HomeTableViewCell.h */,
				7198529A18F68BC90099CE0C /* HomeTableViewCell.m */,
				7160D13818F7A2DD008A8BB9 /* LocationCell.h */,
				7160D13918F7A2DD008A8BB9 /* LocationCell.m */,
			);
			name = TableViewCell;
			sourceTree = "<group>";
		};
		7198529118F64CBF0099CE0C /* images */ = {
			isa = PBXGroup;
			children = (
				7196CE3D1908EC19000F863A /* icon.png */,
				7196CE3E1908EC19000F863A /* icon@2x.png */,
				7198529218F64CCC0099CE0C /* home_bg.png */,
				7198529318F64CCC0099CE0C /* home_bg@2x.png */,
			);
			name = images;
			sourceTree = "<group>";
		};
/* End PBXGroup section */

/* Begin PBXNativeTarget section */
		710752C218ED0FC2002802AA /* linker */ = {
			isa = PBXNativeTarget;
			buildConfigurationList = 710752F518ED0FC2002802AA /* Build configuration list for PBXNativeTarget "linker" */;
			buildPhases = (
				710752BF18ED0FC2002802AA /* Sources */,
				710752C018ED0FC2002802AA /* Frameworks */,
				710752C118ED0FC2002802AA /* Resources */,
			);
			buildRules = (
			);
			dependencies = (
			);
			name = linker;
			productName = linker;
			productReference = 710752C318ED0FC2002802AA /* linker.app */;
			productType = "com.apple.product-type.application";
		};
		710752E318ED0FC2002802AA /* linkerTests */ = {
			isa = PBXNativeTarget;
			buildConfigurationList = 710752F818ED0FC2002802AA /* Build configuration list for PBXNativeTarget "linkerTests" */;
			buildPhases = (
				710752E018ED0FC2002802AA /* Sources */,
				710752E118ED0FC2002802AA /* Frameworks */,
				710752E218ED0FC2002802AA /* Resources */,
			);
			buildRules = (
			);
			dependencies = (
				710752EA18ED0FC2002802AA /* PBXTargetDependency */,
			);
			name = linkerTests;
			productName = linkerTests;
			productReference = 710752E418ED0FC2002802AA /* linkerTests.xctest */;
			productType = "com.apple.product-type.bundle.unit-test";
		};
/* End PBXNativeTarget section */

/* Begin PBXProject section */
		710752BB18ED0FC2002802AA /* Project object */ = {
			isa = PBXProject;
			attributes = {
				LastUpgradeCheck = 0510;
				ORGANIZATIONNAME = "杨 超";
				TargetAttributes = {
					710752E318ED0FC2002802AA = {
						TestTargetID = 710752C218ED0FC2002802AA;
					};
				};
			};
			buildConfigurationList = 710752BE18ED0FC2002802AA /* Build configuration list for PBXProject "linker" */;
			compatibilityVersion = "Xcode 3.2";
			developmentRegion = English;
			hasScannedForEncodings = 0;
			knownRegions = (
				en,
				Base,
			);
			mainGroup = 710752BA18ED0FC2002802AA;
			productRefGroup = 710752C418ED0FC2002802AA /* Products */;
			projectDirPath = "";
			projectRoot = "";
			targets = (
				710752C218ED0FC2002802AA /* linker */,
				710752E318ED0FC2002802AA /* linkerTests */,
			);
		};
/* End PBXProject section */

/* Begin PBXResourcesBuildPhase section */
		710752C118ED0FC2002802AA /* Resources */ = {
			isa = PBXResourcesBuildPhase;
			buildActionMask = 2147483647;
			files = (
				7196CE401908EC19000F863A /* icon@2x.png in Resources */,
				710752DF18ED0FC2002802AA /* Images.xcassets in Resources */,
				710752D118ED0FC2002802AA /* InfoPlist.strings in Resources */,
				7196CE3F1908EC19000F863A /* icon.png in Resources */,
				710752DA18ED0FC2002802AA /* Main.storyboard in Resources */,
				7198529518F64CCC0099CE0C /* home_bg@2x.png in Resources */,
				7198529418F64CCC0099CE0C /* home_bg.png in Resources */,
			);
			runOnlyForDeploymentPostprocessing = 0;
		};
		710752E218ED0FC2002802AA /* Resources */ = {
			isa = PBXResourcesBuildPhase;
			buildActionMask = 2147483647;
			files = (
				710752F018ED0FC2002802AA /* InfoPlist.strings in Resources */,
			);
			runOnlyForDeploymentPostprocessing = 0;
		};
/* End PBXResourcesBuildPhase section */

/* Begin PBXSourcesBuildPhase section */
		710752BF18ED0FC2002802AA /* Sources */ = {
			isa = PBXSourcesBuildPhase;
			buildActionMask = 2147483647;
			files = (
				710752D718ED0FC2002802AA /* AppDelegate.m in Sources */,
				710752D318ED0FC2002802AA /* main.m in Sources */,
				7160D13A18F7A2DD008A8BB9 /* LocationCell.m in Sources */,
				7198529B18F68BC90099CE0C /* HomeTableViewCell.m in Sources */,
				7198529818F68A1D0099CE0C /* HomeViewController.m in Sources */,
			);
			runOnlyForDeploymentPostprocessing = 0;
		};
		710752E018ED0FC2002802AA /* Sources */ = {
			isa = PBXSourcesBuildPhase;
			buildActionMask = 2147483647;
			files = (
				710752F218ED0FC2002802AA /* linkerTests.m in Sources */,
			);
			runOnlyForDeploymentPostprocessing = 0;
		};
/* End PBXSourcesBuildPhase section */

/* Begin PBXTargetDependency section */
		710752EA18ED0FC2002802AA /* PBXTargetDependency */ = {
			isa = PBXTargetDependency;
			target = 710752C218ED0FC2002802AA /* linker */;
			targetProxy = 710752E918ED0FC2002802AA /* PBXContainerItemProxy */;
		};
/* End PBXTargetDependency section */

/* Begin PBXVariantGroup section */
		710752CF18ED0FC2002802AA /* InfoPlist.strings */ = {
			isa = PBXVariantGroup;
			children = (
				710752D018ED0FC2002802AA /* en */,
			);
			name = InfoPlist.strings;
			sourceTree = "<group>";
		};
		710752D818ED0FC2002802AA /* Main.storyboard */ = {
			isa = PBXVariantGroup;
			children = (
				710752D918ED0FC2002802AA /* Base */,
			);
			name = Main.storyboard;
			sourceTree = "<group>";
		};
		710752EE18ED0FC2002802AA /* InfoPlist.strings */ = {
			isa = PBXVariantGroup;
			children = (
				710752EF18ED0FC2002802AA /* en */,
			);
			name = InfoPlist.strings;
			sourceTree = "<group>";
		};
/* End PBXVariantGroup section */

/* Begin XCBuildConfiguration section */
		710752F318ED0FC2002802AA /* Debug */ = {
			isa = XCBuildConfiguration;
			buildSettings = {
				ALWAYS_SEARCH_USER_PATHS = NO;
				CLANG_CXX_LANGUAGE_STANDARD = "gnu++0x";
				CLANG_CXX_LIBRARY = "libc++";
				CLANG_ENABLE_MODULES = YES;
				CLANG_ENABLE_OBJC_ARC = YES;
				CLANG_WARN_BOOL_CONVERSION = YES;
				CLANG_WARN_CONSTANT_CONVERSION = YES;
				CLANG_WARN_DIRECT_OBJC_ISA_USAGE = YES_ERROR;
				CLANG_WARN_EMPTY_BODY = YES;
				CLANG_WARN_ENUM_CONVERSION = YES;
				CLANG_WARN_INT_CONVERSION = YES;
				CLANG_WARN_OBJC_ROOT_CLASS = YES_ERROR;
				CLANG_WARN__DUPLICATE_METHOD_MATCH = YES;
				"CODE_SIGN_IDENTITY[sdk=iphoneos*]" = "iPhone Developer";
				COPY_PHASE_STRIP = NO;
				GCC_C_LANGUAGE_STANDARD = gnu99;
				GCC_DYNAMIC_NO_PIC = NO;
				GCC_OPTIMIZATION_LEVEL = 0;
				GCC_PREPROCESSOR_DEFINITIONS = (
					"DEBUG=1",
					"$(inherited)",
				);
				GCC_SYMBOLS_PRIVATE_EXTERN = NO;
				GCC_WARN_64_TO_32_BIT_CONVERSION = YES;
				GCC_WARN_ABOUT_RETURN_TYPE = YES_ERROR;
				GCC_WARN_UNDECLARED_SELECTOR = YES;
				GCC_WARN_UNINITIALIZED_AUTOS = YES_AGGRESSIVE;
				GCC_WARN_UNUSED_FUNCTION = YES;
				GCC_WARN_UNUSED_VARIABLE = YES;
				IPHONEOS_DEPLOYMENT_TARGET = 7.0;
				ONLY_ACTIVE_ARCH = YES;
				SDKROOT = iphoneos;
			};
			name = Debug;
		};
		710752F418ED0FC2002802AA /* Release */ = {
			isa = XCBuildConfiguration;
			buildSettings = {
				ALWAYS_SEARCH_USER_PATHS = NO;
				CLANG_CXX_LANGUAGE_STANDARD = "gnu++0x";
				CLANG_CXX_LIBRARY = "libc++";
				CLANG_ENABLE_MODULES = YES;
				CLANG_ENABLE_OBJC_ARC = YES;
				CLANG_WARN_BOOL_CONVERSION = YES;
				CLANG_WARN_CONSTANT_CONVERSION = YES;
				CLANG_WARN_DIRECT_OBJC_ISA_USAGE = YES_ERROR;
				CLANG_WARN_EMPTY_BODY = YES;
				CLANG_WARN_ENUM_CONVERSION = YES;
				CLANG_WARN_INT_CONVERSION = YES;
				CLANG_WARN_OBJC_ROOT_CLASS = YES_ERROR;
				CLANG_WARN__DUPLICATE_METHOD_MATCH = YES;
				"CODE_SIGN_IDENTITY[sdk=iphoneos*]" = "iPhone Developer";
				COPY_PHASE_STRIP = YES;
				ENABLE_NS_ASSERTIONS = NO;
				GCC_C_LANGUAGE_STANDARD = gnu99;
				GCC_WARN_64_TO_32_BIT_CONVERSION = YES;
				GCC_WARN_ABOUT_RETURN_TYPE = YES_ERROR;
				GCC_WARN_UNDECLARED_SELECTOR = YES;
				GCC_WARN_UNINITIALIZED_AUTOS = YES_AGGRESSIVE;
				GCC_WARN_UNUSED_FUNCTION = YES;
				GCC_WARN_UNUSED_VARIABLE = YES;
				IPHONEOS_DEPLOYMENT_TARGET = 7.0;
				SDKROOT = iphoneos;
				VALIDATE_PRODUCT = YES;
			};
			name = Release;
		};
		710752F618ED0FC2002802AA /* Debug */ = {
			isa = XCBuildConfiguration;
			buildSettings = {
				ASSETCATALOG_COMPILER_APPICON_NAME = AppIcon;
				ASSETCATALOG_COMPILER_LAUNCHIMAGE_NAME = LaunchImage;
				GCC_PRECOMPILE_PREFIX_HEADER = YES;
				GCC_PREFIX_HEADER = "linker/linker-Prefix.pch";
				INFOPLIST_FILE = "linker/linker-Info.plist";
				IPHONEOS_DEPLOYMENT_TARGET = 7.0;
				PRODUCT_NAME = "$(TARGET_NAME)";
				WRAPPER_EXTENSION = app;
			};
			name = Debug;
		};
		710752F718ED0FC2002802AA /* Release */ = {
			isa = XCBuildConfiguration;
			buildSettings = {
				ASSETCATALOG_COMPILER_APPICON_NAME = AppIcon;
				ASSETCATALOG_COMPILER_LAUNCHIMAGE_NAME = LaunchImage;
				GCC_PRECOMPILE_PREFIX_HEADER = YES;
				GCC_PREFIX_HEADER = "linker/linker-Prefix.pch";
				INFOPLIST_FILE = "linker/linker-Info.plist";
				IPHONEOS_DEPLOYMENT_TARGET = 7.0;
				PRODUCT_NAME = "$(TARGET_NAME)";
				WRAPPER_EXTENSION = app;
			};
			name = Release;
		};
		710752F918ED0FC2002802AA /* Debug */ = {
			isa = XCBuildConfiguration;
			buildSettings = {
				BUNDLE_LOADER = "$(BUILT_PRODUCTS_DIR)/linker.app/linker";
				FRAMEWORK_SEARCH_PATHS = (
					"$(SDKROOT)/Developer/Library/Frameworks",
					"$(inherited)",
					"$(DEVELOPER_FRAMEWORKS_DIR)",
				);
				GCC_PRECOMPILE_PREFIX_HEADER = YES;
				GCC_PREFIX_HEADER = "linker/linker-Prefix.pch";
				GCC_PREPROCESSOR_DEFINITIONS = (
					"DEBUG=1",
					"$(inherited)",
				);
				INFOPLIST_FILE = "linkerTests/linkerTests-Info.plist";
				PRODUCT_NAME = "$(TARGET_NAME)";
				TEST_HOST = "$(BUNDLE_LOADER)";
				WRAPPER_EXTENSION = xctest;
			};
			name = Debug;
		};
		710752FA18ED0FC2002802AA /* Release */ = {
			isa = XCBuildConfiguration;
			buildSettings = {
				BUNDLE_LOADER = "$(BUILT_PRODUCTS_DIR)/linker.app/linker";
				FRAMEWORK_SEARCH_PATHS = (
					"$(SDKROOT)/Developer/Library/Frameworks",
					"$(inherited)",
					"$(DEVELOPER_FRAMEWORKS_DIR)",
				);
				GCC_PRECOMPILE_PREFIX_HEADER = YES;
				GCC_PREFIX_HEADER = "linker/linker-Prefix.pch";
				INFOPLIST_FILE = "linkerTests/linkerTests-Info.plist";
				PRODUCT_NAME = "$(TARGET_NAME)";
				TEST_HOST = "$(BUNDLE_LOADER)";
				WRAPPER_EXTENSION = xctest;
			};
			name = Release;
		};
/* End XCBuildConfiguration section */

/* Begin XCConfigurationList section */
		710752BE18ED0FC2002802AA /* Build configuration list for PBXProject "linker" */ = {
			isa = XCConfigurationList;
			buildConfigurations = (
				710752F318ED0FC2002802AA /* Debug */,
				710752F418ED0FC2002802AA /* Release */,
			);
			defaultConfigurationIsVisible = 0;
			defaultConfigurationName = Release;
		};
		710752F518ED0FC2002802AA /* Build configuration list for PBXNativeTarget "linker" */ = {
			isa = XCConfigurationList;
			buildConfigurations = (
				710752F618ED0FC2002802AA /* Debug */,
				710752F718ED0FC2002802AA /* Release */,
			);
			defaultConfigurationIsVisible = 0;
			defaultConfigurationName = Release;
		};
		710752F818ED0FC2002802AA /* Build configuration list for PBXNativeTarget "linkerTests" */ = {
			isa = XCConfigurationList;
			buildConfigurations = (
				710752F918ED0FC2002802AA /* Debug */,
				710752FA18ED0FC2002802AA /* Release */,
			);
			defaultConfigurationIsVisible = 0;
			defaultConfigurationName = Release;
		};
/* End XCConfigurationList section */
	};
	rootObject = 710752BB18ED0FC2002802AA /* Project object */;
}
